
Microsoft Visual Studio Solution File, Format Version 12.00
# Visual Studio 15
VisualStudioVersion = 15.0.27703.2035
MinimumVisualStudioVersion = 10.0.40219.1
Project("{FAE04EC0-301F-11D3-BF4B-00C04F79EFBC}") = "GameManager", "GameManager\GameManager.csproj", "{DD6B2C16-75A8-4F0E-B60D-45BE3EF48815}"
EndProject
Global
	GlobalSection(SolutionConfigurationPlatforms) = preSolution
		Debug|Any CPU = Debug|Any CPU
		Release|Any CPU = Release|Any CPU
	EndGlobalSection
	GlobalSection(ProjectConfigurationPlatforms) = postSolution
		{DD6B2C16-75A8-4F0E-B60D-45BE3EF48815}.Debug|Any CPU.ActiveCfg = Debug|Any CPU
		{DD6B2C16-75A8-4F0E-B60D-45BE3EF48815}.Debug|Any CPU.Build.0 = Debug|Any CPU
		{DD6B2C16-75A8-4F0E-B60D-45BE3EF48815}.Release|Any CPU.ActiveCfg = Release|Any CPU
		{DD6B2C16-75A8-4F0E-B60D-45BE3EF48815}.Release|Any CPU.Build.0 = Release|Any CPU
	EndGlobalSection
	GlobalSection(SolutionProperties) = preSolution
		HideSolutionNode = FALSE
	EndGlobalSection
	GlobalSection(ExtensibilityGlobals) = postSolution
		SolutionGuid = {5CACD671-417F-4122-8165-BCE6052F2C21}
	EndGlobalSection
EndGlobal
